
Microsoft Visual Studio Solution File, Format Version 12.00
# Visual Studio Version 17
VisualStudioVersion = 17.9.34607.119
MinimumVisualStudioVersion = 10.0.40219.1
Project("{8BC9CEB8-8B4A-11D0-8D11-00A0C91BC942}") = "tic-tac-toe", "tic-tac-toe\tic-tac-toe.vcxproj", "{E6E249C2-2D41-4573-880F-A55EBD516A6A}"
EndProject
Project("{8BC9CEB8-8B4A-11D0-8D11-00A0C91BC942}") = "boardLIB", "boardLIB\boardLIB.vcxproj", "{0255243A-A90E-46E9-8CDB-2A6DFCD9D5BC}"
	ProjectSection(ProjectDependencies) = postProject
		{25FB0136-5837-4B52-B2F2-723353735889} = {25FB0136-5837-4B52-B2F2-723353735889}
		{8EC9735D-811D-4064-9743-0CD1CED74A24} = {8EC9735D-811D-4064-9743-0CD1CED74A24}
		{AA8E49C0-905D-4D45-B447-78FBABC6EF42} = {AA8E49C0-905D-4D45-B447-78FBABC6EF42}
	EndProjectSection
EndProject
Project("{8BC9CEB8-8B4A-11D0-8D11-00A0C91BC942}") = "cellLIB", "cellLIB\cellLIB.vcxproj", "{8EC9735D-811D-4064-9743-0CD1CED74A24}"
EndProject
Project("{8BC9CEB8-8B4A-11D0-8D11-00A0C91BC942}") = "playerLIB", "playerLIB\playerLIB.vcxproj", "{E8DFA2F7-EF8E-4F6D-A4ED-53BFE0F912F2}"
	ProjectSection(ProjectDependencies) = postProject
		{0255243A-A90E-46E9-8CDB-2A6DFCD9D5BC} = {0255243A-A90E-46E9-8CDB-2A6DFCD9D5BC}
		{25FB0136-5837-4B52-B2F2-723353735889} = {25FB0136-5837-4B52-B2F2-723353735889}
		{8EC9735D-811D-4064-9743-0CD1CED74A24} = {8EC9735D-811D-4064-9743-0CD1CED74A24}
	EndProjectSection
EndProject
Project("{8BC9CEB8-8B4A-11D0-8D11-00A0C91BC942}") = "pointLIB", "pointLIB\pointLIB.vcxproj", "{AA8E49C0-905D-4D45-B447-78FBABC6EF42}"
EndProject
Project("{8BC9CEB8-8B4A-11D0-8D11-00A0C91BC942}") = "gameEngineLIB", "gameEngineLIB\gameEngineLIB.vcxproj", "{2AEE3641-71DA-453E-83C1-6EC17F133AB3}"
	ProjectSection(ProjectDependencies) = postProject
		{0255243A-A90E-46E9-8CDB-2A6DFCD9D5BC} = {0255243A-A90E-46E9-8CDB-2A6DFCD9D5BC}
		{E8DFA2F7-EF8E-4F6D-A4ED-53BFE0F912F2} = {E8DFA2F7-EF8E-4F6D-A4ED-53BFE0F912F2}
	EndProjectSection
EndProject
Project("{8BC9CEB8-8B4A-11D0-8D11-00A0C91BC942}") = "abstract_gameEntityLIB", "abstract_gameEntityLIB\abstract_gameEntityLIB.vcxproj", "{25FB0136-5837-4B52-B2F2-723353735889}"
EndProject
Global
	GlobalSection(SolutionConfigurationPlatforms) = preSolution
		Debug|x64 = Debug|x64
		Debug|x86 = Debug|x86
		Release|x64 = Release|x64
		Release|x86 = Release|x86
	EndGlobalSection
	GlobalSection(ProjectConfigurationPlatforms) = postSolution
		{E6E249C2-2D41-4573-880F-A55EBD516A6A}.Debug|x64.ActiveCfg = Debug|x64
		{E6E249C2-2D41-4573-880F-A55EBD516A6A}.Debug|x64.Build.0 = Debug|x64
		{E6E249C2-2D41-4573-880F-A55EBD516A6A}.Debug|x86.ActiveCfg = Debug|Win32
		{E6E249C2-2D41-4573-880F-A55EBD516A6A}.Debug|x86.Build.0 = Debug|Win32
		{E6E249C2-2D41-4573-880F-A55EBD516A6A}.Release|x64.ActiveCfg = Release|x64
		{E6E249C2-2D41-4573-880F-A55EBD516A6A}.Release|x64.Build.0 = Release|x64
		{E6E249C2-2D41-4573-880F-A55EBD516A6A}.Release|x86.ActiveCfg = Release|Win32
		{E6E249C2-2D41-4573-880F-A55EBD516A6A}.Release|x86.Build.0 = Release|Win32
		{0255243A-A90E-46E9-8CDB-2A6DFCD9D5BC}.Debug|x64.ActiveCfg = Debug|x64
		{0255243A-A90E-46E9-8CDB-2A6DFCD9D5BC}.Debug|x64.Build.0 = Debug|x64
		{0255243A-A90E-46E9-8CDB-2A6DFCD9D5BC}.Debug|x86.ActiveCfg = Debug|Win32
		{0255243A-A90E-46E9-8CDB-2A6DFCD9D5BC}.Debug|x86.Build.0 = Debug|Win32
		{0255243A-A90E-46E9-8CDB-2A6DFCD9D5BC}.Release|x64.ActiveCfg = Release|x64
		{0255243A-A90E-46E9-8CDB-2A6DFCD9D5BC}.Release|x64.Build.0 = Release|x64
		{0255243A-A90E-46E9-8CDB-2A6DFCD9D5BC}.Release|x86.ActiveCfg = Release|Win32
		{0255243A-A90E-46E9-8CDB-2A6DFCD9D5BC}.Release|x86.Build.0 = Release|Win32
		{8EC9735D-811D-4064-9743-0CD1CED74A24}.Debug|x64.ActiveCfg = Debug|x64
		{8EC9735D-811D-4064-9743-0CD1CED74A24}.Debug|x64.Build.0 = Debug|x64
		{8EC9735D-811D-4064-9743-0CD1CED74A24}.Debug|x86.ActiveCfg = Debug|Win32
		{8EC9735D-811D-4064-9743-0CD1CED74A24}.Debug|x86.Build.0 = Debug|Win32
		{8EC9735D-811D-4064-9743-0CD1CED74A24}.Release|x64.ActiveCfg = Release|x64
		{8EC9735D-811D-4064-9743-0CD1CED74A24}.Release|x64.Build.0 = Release|x64
		{8EC9735D-811D-4064-9743-0CD1CED74A24}.Release|x86.ActiveCfg = Release|Win32
		{8EC9735D-811D-4064-9743-0CD1CED74A24}.Release|x86.Build.0 = Release|Win32
		{E8DFA2F7-EF8E-4F6D-A4ED-53BFE0F912F2}.Debug|x64.ActiveCfg = Debug|x64
		{E8DFA2F7-EF8E-4F6D-A4ED-53BFE0F912F2}.Debug|x64.Build.0 = Debug|x64
		{E8DFA2F7-EF8E-4F6D-A4ED-53BFE0F912F2}.Debug|x86.ActiveCfg = Debug|Win32
		{E8DFA2F7-EF8E-4F6D-A4ED-53BFE0F912F2}.Debug|x86.Build.0 = Debug|Win32
		{E8DFA2F7-EF8E-4F6D-A4ED-53BFE0F912F2}.Release|x64.ActiveCfg = Release|x64
		{E8DFA2F7-EF8E-4F6D-A4ED-53BFE0F912F2}.Release|x64.Build.0 = Release|x64
		{E8DFA2F7-EF8E-4F6D-A4ED-53BFE0F912F2}.Release|x86.ActiveCfg = Release|Win32
		{E8DFA2F7-EF8E-4F6D-A4ED-53BFE0F912F2}.Release|x86.Build.0 = Release|Win32
		{AA8E49C0-905D-4D45-B447-78FBABC6EF42}.Debug|x64.ActiveCfg = Debug|x64
		{AA8E49C0-905D-4D45-B447-78FBABC6EF42}.Debug|x64.Build.0 = Debug|x64
		{AA8E49C0-905D-4D45-B447-78FBABC6EF42}.Debug|x86.ActiveCfg = Debug|Win32
		{AA8E49C0-905D-4D45-B447-78FBABC6EF42}.Debug|x86.Build.0 = Debug|Win32
		{AA8E49C0-905D-4D45-B447-78FBABC6EF42}.Release|x64.ActiveCfg = Release|x64
		{AA8E49C0-905D-4D45-B447-78FBABC6EF42}.Release|x64.Build.0 = Release|x64
		{AA8E49C0-905D-4D45-B447-78FBABC6EF42}.Release|x86.ActiveCfg = Release|Win32
		{AA8E49C0-905D-4D45-B447-78FBABC6EF42}.Release|x86.Build.0 = Release|Win32
		{2AEE3641-71DA-453E-83C1-6EC17F133AB3}.Debug|x64.ActiveCfg = Debug|x64
		{2AEE3641-71DA-453E-83C1-6EC17F133AB3}.Debug|x64.Build.0 = Debug|x64
		{2AEE3641-71DA-453E-83C1-6EC17F133AB3}.Debug|x86.ActiveCfg = Debug|Win32
		{2AEE3641-71DA-453E-83C1-6EC17F133AB3}.Debug|x86.Build.0 = Debug|Win32
		{2AEE3641-71DA-453E-83C1-6EC17F133AB3}.Release|x64.ActiveCfg = Release|x64
		{2AEE3641-71DA-453E-83C1-6EC17F133AB3}.Release|x64.Build.0 = Release|x64
		{2AEE3641-71DA-453E-83C1-6EC17F133AB3}.Release|x86.ActiveCfg = Release|Win32
		{2AEE3641-71DA-453E-83C1-6EC17F133AB3}.Release|x86.Build.0 = Release|Win32
		{25FB0136-5837-4B52-B2F2-723353735889}.Debug|x64.ActiveCfg = Debug|x64
		{25FB0136-5837-4B52-B2F2-723353735889}.Debug|x64.Build.0 = Debug|x64
		{25FB0136-5837-4B52-B2F2-723353735889}.Debug|x86.ActiveCfg = Debug|Win32
		{25FB0136-5837-4B52-B2F2-723353735889}.Debug|x86.Build.0 = Debug|Win32
		{25FB0136-5837-4B52-B2F2-723353735889}.Release|x64.ActiveCfg = Release|x64
		{25FB0136-5837-4B52-B2F2-723353735889}.Release|x64.Build.0 = Release|x64
		{25FB0136-5837-4B52-B2F2-723353735889}.Release|x86.ActiveCfg = Release|Win32
		{25FB0136-5837-4B52-B2F2-723353735889}.Release|x86.Build.0 = Release|Win32
	EndGlobalSection
	GlobalSection(SolutionProperties) = preSolution
		HideSolutionNode = FALSE
	EndGlobalSection
	GlobalSection(ExtensibilityGlobals) = postSolution
		SolutionGuid = {8E4BF6C4-ED34-4760-BBC8-50EDCCB7B1A0}
	EndGlobalSection
EndGlobal
